
Microsoft Visual Studio Solution File, Format Version 12.00
# Visual Studio Version 17
VisualStudioVersion = 17.10.34916.146
MinimumVisualStudioVersion = 10.0.40219.1
Project("{FAE04EC0-301F-11D3-BF4B-00C04F79EFBC}") = "HomeWork12", "HomeWork12\HomeWork12.csproj", "{03A9D2A7-F102-4578-89B1-AEE6FA5061A8}"
EndProject
Global
	GlobalSection(SolutionConfigurationPlatforms) = preSolution
		Debug|Any CPU = Debug|Any CPU
		Release|Any CPU = Release|Any CPU
	EndGlobalSection
	GlobalSection(ProjectConfigurationPlatforms) = postSolution
		{03A9D2A7-F102-4578-89B1-AEE6FA5061A8}.Debug|Any CPU.ActiveCfg = Debug|Any CPU
		{03A9D2A7-F102-4578-89B1-AEE6FA5061A8}.Debug|Any CPU.Build.0 = Debug|Any CPU
		{03A9D2A7-F102-4578-89B1-AEE6FA5061A8}.Release|Any CPU.ActiveCfg = Release|Any CPU
		{03A9D2A7-F102-4578-89B1-AEE6FA5061A8}.Release|Any CPU.Build.0 = Release|Any CPU
	EndGlobalSection
	GlobalSection(SolutionProperties) = preSolution
		HideSolutionNode = FALSE
	EndGlobalSection
	GlobalSection(ExtensibilityGlobals) = postSolution
		SolutionGuid = {269A04D6-B3A0-44F6-A167-D79777763D85}
	EndGlobalSection
EndGlobal
